# This file is generated by running "yarn install" inside your project.
# Manual changes might be lost - proceed with caution!

__metadata:
  version: 4
  cacheKey: 8

"@fastify/ajv-compiler@npm:^1.0.0":
  version: 1.1.0
  resolution: "@fastify/ajv-compiler@npm:1.1.0"
  dependencies:
    ajv: ^6.12.6
  checksum: b8a2522ead00a01ab7ff2921f00aa8e4aeb943949191ce2a617c88e4679db1358a70e4099791828a397a50e5d6f6bd75184ad0ac75a12dffeb9df4c089986a32
  languageName: node
  linkType: hard

"@googleapis/docs@npm:^0.2.0":
  version: 0.2.0
  resolution: "@googleapis/docs@npm:0.2.0"
  dependencies:
    googleapis-common: ^5.0.1
  checksum: 59156548243426424de568b67a049f04043c9aeed667c2a6aa6339b7e5d1f9bf1704aa83dc988596e440ca87b2271fa49a77c3adbed0dd73bb9add3ff4c1ca4d
  languageName: node
  linkType: hard

"@sindresorhus/is@npm:^4.0.0":
  version: 4.2.0
  resolution: "@sindresorhus/is@npm:4.2.0"
  checksum: 59040dfb75c2eb6ab76e8c7ac10b7f7f6ba740f0b5ac618a89a8bcdbaf923836a8e998078d59d81f6f13f4b6bbe15bfe1bca962c877edcbe9160d1c100c56fd7
  languageName: node
  linkType: hard

"@szmarczak/http-timer@npm:^4.0.5":
  version: 4.0.6
  resolution: "@szmarczak/http-timer@npm:4.0.6"
  dependencies:
    defer-to-connect: ^2.0.0
  checksum: c29df3bcec6fc3bdec2b17981d89d9c9fc9bd7d0c9bcfe92821dc533f4440bc890ccde79971838b4ceed1921d456973c4180d7175ee1d0023ad0562240a58d95
  languageName: node
  linkType: hard

"@types/cacheable-request@npm:^6.0.1":
  version: 6.0.2
  resolution: "@types/cacheable-request@npm:6.0.2"
  dependencies:
    "@types/http-cache-semantics": "*"
    "@types/keyv": "*"
    "@types/node": "*"
    "@types/responselike": "*"
  checksum: 667d25808dbf46fe104d6f029e0281ff56058d50c7c1b9182774b3e38bb9c1124f56e4c367ba54f92dbde2d1cc573f26eb0e9748710b2822bc0fd1e5498859c6
  languageName: node
  linkType: hard

"@types/dotenv-safe@npm:^8.1.2":
  version: 8.1.2
  resolution: "@types/dotenv-safe@npm:8.1.2"
  dependencies:
    dotenv: ^8.2.0
  checksum: 753a12921f9c3a199b66150d82062f13f008be33f6d004825be405a5af70920ff0ee2eb374a7616c1b73ee9d3bd5e124fbb936e8aa0f999c403b648c3c653e86
  languageName: node
  linkType: hard

"@types/http-cache-semantics@npm:*":
  version: 4.0.1
  resolution: "@types/http-cache-semantics@npm:4.0.1"
  checksum: 1048aacf627829f0d5f00184e16548205cd9f964bf0841c29b36bc504509230c40bc57c39778703a1c965a6f5b416ae2cbf4c1d4589c889d2838dd9dbfccf6e9
  languageName: node
  linkType: hard

"@types/keyv@npm:*":
  version: 3.1.3
  resolution: "@types/keyv@npm:3.1.3"
  dependencies:
    "@types/node": "*"
  checksum: b5f8aa592cc21c16d99e69aec0976f12b893b055e4456d90148a610a6b6088e297b2ba5f38f8c8280cef006cfd8f9ec99e069905020882619dc5fc8aa46f5f27
  languageName: node
  linkType: hard

"@types/node@npm:*":
  version: 16.9.6
  resolution: "@types/node@npm:16.9.6"
  checksum: 1c11ff4b58af87ddade05784e90bb5a2fe01f461ce489fdb1428d89e709695a26b0dcbac0520305911f5e4017561416747e544f1b9ec36649ccbfad6ffff4a0a
  languageName: node
  linkType: hard

"@types/responselike@npm:*, @types/responselike@npm:^1.0.0":
  version: 1.0.0
  resolution: "@types/responselike@npm:1.0.0"
  dependencies:
    "@types/node": "*"
  checksum: e99fc7cc6265407987b30deda54c1c24bb1478803faf6037557a774b2f034c5b097ffd65847daa87e82a61a250d919f35c3588654b0fdaa816906650f596d1b0
  languageName: node
  linkType: hard

"abort-controller@npm:^3.0.0":
  version: 3.0.0
  resolution: "abort-controller@npm:3.0.0"
  dependencies:
    event-target-shim: ^5.0.0
  checksum: 170bdba9b47b7e65906a28c8ce4f38a7a369d78e2271706f020849c1bfe0ee2067d4261df8bbb66eb84f79208fd5b710df759d64191db58cfba7ce8ef9c54b75
  languageName: node
  linkType: hard

"abstract-logging@npm:^2.0.0":
  version: 2.0.1
  resolution: "abstract-logging@npm:2.0.1"
  checksum: 6967d15e5abbafd17f56eaf30ba8278c99333586fa4f7935fd80e93cfdc006c37fcc819c5d63ee373a12e6cb2d0417f7c3c6b9e42b957a25af9937d26749415e
  languageName: node
  linkType: hard

"agent-base@npm:6":
  version: 6.0.2
  resolution: "agent-base@npm:6.0.2"
  dependencies:
    debug: 4
  checksum: f52b6872cc96fd5f622071b71ef200e01c7c4c454ee68bc9accca90c98cfb39f2810e3e9aa330435835eedc8c23f4f8a15267f67c6e245d2b33757575bdac49d
  languageName: node
  linkType: hard

"ajv@npm:^6.11.0, ajv@npm:^6.12.6":
  version: 6.12.6
  resolution: "ajv@npm:6.12.6"
  dependencies:
    fast-deep-equal: ^3.1.1
    fast-json-stable-stringify: ^2.0.0
    json-schema-traverse: ^0.4.1
    uri-js: ^4.2.2
  checksum: 874972efe5c4202ab0a68379481fbd3d1b5d0a7bd6d3cc21d40d3536ebff3352a2a1fabb632d4fd2cc7fe4cbdcd5ed6782084c9bbf7f32a1536d18f9da5007d4
  languageName: node
  linkType: hard

"ajv@npm:^8.1.0":
  version: 8.6.3
  resolution: "ajv@npm:8.6.3"
  dependencies:
    fast-deep-equal: ^3.1.1
    json-schema-traverse: ^1.0.0
    require-from-string: ^2.0.2
    uri-js: ^4.2.2
  checksum: 690ffb9408415fdab43686b3f92037ba0c8362f5d0709a123ba3fb546e6ad81414455f80a2b5cc432ce924afe9864671198f022bc331a19c072d4ede152ec3ca
  languageName: node
  linkType: hard

"archy@npm:^1.0.0":
  version: 1.0.0
  resolution: "archy@npm:1.0.0"
  checksum: 504ae7af655130bab9f471343cfdb054feaec7d8e300e13348bc9fe9e660f83d422e473069584f73233c701ae37d1c8452ff2522f2a20c38849e0f406f1732ac
  languageName: node
  linkType: hard

"arrify@npm:^2.0.0":
  version: 2.0.1
  resolution: "arrify@npm:2.0.1"
  checksum: 067c4c1afd182806a82e4c1cb8acee16ab8b5284fbca1ce29408e6e91281c36bb5b612f6ddfbd40a0f7a7e0c75bf2696eb94c027f6e328d6e9c52465c98e4209
  languageName: node
  linkType: hard

"atomic-sleep@npm:^1.0.0":
  version: 1.0.0
  resolution: "atomic-sleep@npm:1.0.0"
  checksum: b95275afb2f80732f22f43a60178430c468906a415a7ff18bcd0feeebc8eec3930b51250aeda91a476062a90e07132b43a1794e8d8ffcf9b650e8139be75fa36
  languageName: node
  linkType: hard

"avvio@npm:^7.1.2":
  version: 7.2.2
  resolution: "avvio@npm:7.2.2"
  dependencies:
    archy: ^1.0.0
    debug: ^4.0.0
    fastq: ^1.6.1
    queue-microtask: ^1.1.2
  checksum: ece793dd148dbb50e24f40dacf4852b804405fc1cd34ce794659ffc020c6de41695d87999edc0bb2573c802eaa7766493859dbc432d5dc0079381f318c2705a1
  languageName: node
  linkType: hard

"base64-js@npm:^1.3.0":
  version: 1.5.1
  resolution: "base64-js@npm:1.5.1"
  checksum: 669632eb3745404c2f822a18fc3a0122d2f9a7a13f7fb8b5823ee19d1d2ff9ee5b52c53367176ea4ad093c332fd5ab4bd0ebae5a8e27917a4105a4cfc86b1005
  languageName: node
  linkType: hard

"bignumber.js@npm:^9.0.0":
  version: 9.0.1
  resolution: "bignumber.js@npm:9.0.1"
  checksum: 6e72f6069d9db32fc8d27561164de9f811b15f9144be61f323d8b36150a239eea50c92e20ba38af2ba5e717af10b8ef12db8f9948fe2ff02bf17ede5239d15d3
  languageName: node
  linkType: hard

"blue-wizard-api@workspace:.":
  version: 0.0.0-use.local
  resolution: "blue-wizard-api@workspace:."
  dependencies:
    "@googleapis/docs": ^0.2.0
    "@types/dotenv-safe": ^8.1.2
    dotenv-safe: ^8.2.0
    fastify: ^3.27.2
    fastify-cors: ^6.0.3
    got: ^11.8.3
    p-limit: ^4.0.0
    typescript: ^4.5.5
  languageName: unknown
  linkType: soft

"buffer-equal-constant-time@npm:1.0.1":
  version: 1.0.1
  resolution: "buffer-equal-constant-time@npm:1.0.1"
  checksum: 80bb945f5d782a56f374b292770901065bad21420e34936ecbe949e57724b4a13874f735850dd1cc61f078773c4fb5493a41391e7bda40d1fa388d6bd80daaab
  languageName: node
  linkType: hard

"cacheable-lookup@npm:^5.0.3":
  version: 5.0.4
  resolution: "cacheable-lookup@npm:5.0.4"
  checksum: 763e02cf9196bc9afccacd8c418d942fc2677f22261969a4c2c2e760fa44a2351a81557bd908291c3921fe9beb10b976ba8fa50c5ca837c5a0dd945f16468f2d
  languageName: node
  linkType: hard

"cacheable-request@npm:^7.0.2":
  version: 7.0.2
  resolution: "cacheable-request@npm:7.0.2"
  dependencies:
    clone-response: ^1.0.2
    get-stream: ^5.1.0
    http-cache-semantics: ^4.0.0
    keyv: ^4.0.0
    lowercase-keys: ^2.0.0
    normalize-url: ^6.0.1
    responselike: ^2.0.0
  checksum: 6152813982945a5c9989cb457a6c499f12edcc7ade323d2fbfd759abc860bdbd1306e08096916bb413c3c47e812f8e4c0a0cc1e112c8ce94381a960f115bc77f
  languageName: node
  linkType: hard

"call-bind@npm:^1.0.0":
  version: 1.0.2
  resolution: "call-bind@npm:1.0.2"
  dependencies:
    function-bind: ^1.1.1
    get-intrinsic: ^1.0.2
  checksum: f8e31de9d19988a4b80f3e704788c4a2d6b6f3d17cfec4f57dc29ced450c53a49270dc66bf0fbd693329ee948dd33e6c90a329519aef17474a4d961e8d6426b0
  languageName: node
  linkType: hard

"clone-response@npm:^1.0.2":
  version: 1.0.2
  resolution: "clone-response@npm:1.0.2"
  dependencies:
    mimic-response: ^1.0.0
  checksum: 2d0e61547fc66276e0903be9654ada422515f5a15741691352000d47e8c00c226061221074ce2c0064d12e975e84a8687cfd35d8b405750cb4e772f87b256eda
  languageName: node
  linkType: hard

"cookie@npm:^0.4.0":
  version: 0.4.1
  resolution: "cookie@npm:0.4.1"
  checksum: bd7c47f5d94ab70ccdfe8210cde7d725880d2fcda06d8e375afbdd82de0c8d3b73541996e9ce57d35f67f672c4ee6d60208adec06b3c5fc94cebb85196084cf8
  languageName: node
  linkType: hard

"debug@npm:4, debug@npm:^4.0.0":
  version: 4.3.2
  resolution: "debug@npm:4.3.2"
  dependencies:
    ms: 2.1.2
  peerDependenciesMeta:
    supports-color:
      optional: true
  checksum: 820ea160e267e23c953c9ed87e7ad93494d8cda2f7349af5e7e3bb236d23707ee3022f477d5a7d2ee86ef2bf7d60aa9ab22d1f58080d7deb9dccd073585e1e43
  languageName: node
  linkType: hard

"decompress-response@npm:^6.0.0":
  version: 6.0.0
  resolution: "decompress-response@npm:6.0.0"
  dependencies:
    mimic-response: ^3.1.0
  checksum: d377cf47e02d805e283866c3f50d3d21578b779731e8c5072d6ce8c13cc31493db1c2f6784da9d1d5250822120cefa44f1deab112d5981015f2e17444b763812
  languageName: node
  linkType: hard

"deepmerge@npm:^4.2.2":
  version: 4.2.2
  resolution: "deepmerge@npm:4.2.2"
  checksum: a8c43a1ed8d6d1ed2b5bf569fa4c8eb9f0924034baf75d5d406e47e157a451075c4db353efea7b6bcc56ec48116a8ce72fccf867b6e078e7c561904b5897530b
  languageName: node
  linkType: hard

"defer-to-connect@npm:^2.0.0":
  version: 2.0.1
  resolution: "defer-to-connect@npm:2.0.1"
  checksum: 8a9b50d2f25446c0bfefb55a48e90afd58f85b21bcf78e9207cd7b804354f6409032a1705c2491686e202e64fc05f147aa5aa45f9aa82627563f045937f5791b
  languageName: node
  linkType: hard

"dotenv-safe@npm:^8.2.0":
  version: 8.2.0
  resolution: "dotenv-safe@npm:8.2.0"
  dependencies:
    dotenv: ^8.2.0
  checksum: 8b73770330528d77630009afa44239127c44d634b0fa7d7545932a8e72686d774ceadea62d381ed7c911e0facac4ee1489132e44b746f36eb8f2e3ee6929eb78
  languageName: node
  linkType: hard

"dotenv@npm:^8.2.0":
  version: 8.6.0
  resolution: "dotenv@npm:8.6.0"
  checksum: 38e902c80b0666ab59e9310a3d24ed237029a7ce34d976796349765ac96b8d769f6df19090f1f471b77a25ca391971efde8a1ea63bb83111bd8bec8e5cc9b2cd
  languageName: node
  linkType: hard

"ecdsa-sig-formatter@npm:1.0.11, ecdsa-sig-formatter@npm:^1.0.11":
  version: 1.0.11
  resolution: "ecdsa-sig-formatter@npm:1.0.11"
  dependencies:
    safe-buffer: ^5.0.1
  checksum: 207f9ab1c2669b8e65540bce29506134613dd5f122cccf1e6a560f4d63f2732d427d938f8481df175505aad94583bcb32c688737bb39a6df0625f903d6d93c03
  languageName: node
  linkType: hard

"end-of-stream@npm:^1.1.0":
  version: 1.4.4
  resolution: "end-of-stream@npm:1.4.4"
  dependencies:
    once: ^1.4.0
  checksum: 530a5a5a1e517e962854a31693dbb5c0b2fc40b46dad2a56a2deec656ca040631124f4795823acc68238147805f8b021abbe221f4afed5ef3c8e8efc2024908b
  languageName: node
  linkType: hard

"event-target-shim@npm:^5.0.0":
  version: 5.0.1
  resolution: "event-target-shim@npm:5.0.1"
  checksum: 1ffe3bb22a6d51bdeb6bf6f7cf97d2ff4a74b017ad12284cc9e6a279e727dc30a5de6bb613e5596ff4dc3e517841339ad09a7eec44266eccb1aa201a30448166
  languageName: node
  linkType: hard

"extend@npm:^3.0.2":
  version: 3.0.2
  resolution: "extend@npm:3.0.2"
  checksum: a50a8309ca65ea5d426382ff09f33586527882cf532931cb08ca786ea3146c0553310bda688710ff61d7668eba9f96b923fe1420cdf56a2c3eaf30fcab87b515
  languageName: node
  linkType: hard

"fast-decode-uri-component@npm:^1.0.1":
  version: 1.0.1
  resolution: "fast-decode-uri-component@npm:1.0.1"
  checksum: 427a48fe0907e76f0e9a2c228e253b4d8a8ab21d130ee9e4bb8339c5ba4086235cf9576831f7b20955a752eae4b525a177ff9d5825dd8d416e7726939194fbee
  languageName: node
  linkType: hard

"fast-deep-equal@npm:^3.1.1, fast-deep-equal@npm:^3.1.3":
  version: 3.1.3
  resolution: "fast-deep-equal@npm:3.1.3"
  checksum: e21a9d8d84f53493b6aa15efc9cfd53dd5b714a1f23f67fb5dc8f574af80df889b3bce25dc081887c6d25457cce704e636395333abad896ccdec03abaf1f3f9d
  languageName: node
  linkType: hard

"fast-json-stable-stringify@npm:^2.0.0":
  version: 2.1.0
  resolution: "fast-json-stable-stringify@npm:2.1.0"
  checksum: b191531e36c607977e5b1c47811158733c34ccb3bfde92c44798929e9b4154884378536d26ad90dfecd32e1ffc09c545d23535ad91b3161a27ddbb8ebe0cbecb
  languageName: node
  linkType: hard

"fast-json-stringify@npm:^2.5.2":
  version: 2.7.10
  resolution: "fast-json-stringify@npm:2.7.10"
  dependencies:
    ajv: ^6.11.0
    deepmerge: ^4.2.2
    rfdc: ^1.2.0
    string-similarity: ^4.0.1
  checksum: b57e531f1f5afed0ffa96fc508ed1937d4e4496cde626c20cc35f66583936d621e2015d9b4c8f0f57527c75de96b83d059e29ab0f9cd31cdbb04d0a33874ac1d
  languageName: node
  linkType: hard

"fast-redact@npm:^3.0.0":
  version: 3.0.2
  resolution: "fast-redact@npm:3.0.2"
  checksum: f4ffdf48f1647dbe0411884e5dca85ebef0762d1ce1937f6779beaea5c83ef7c35416d800b2bff60f1a252b670d1707f9484c9a5d0ef721e68f3dae94b420fa8
  languageName: node
  linkType: hard

"fast-safe-stringify@npm:^2.0.8":
  version: 2.1.1
  resolution: "fast-safe-stringify@npm:2.1.1"
  checksum: a851cbddc451745662f8f00ddb622d6766f9bd97642dabfd9a405fb0d646d69fc0b9a1243cbf67f5f18a39f40f6fa821737651ff1bceeba06c9992ca2dc5bd3d
  languageName: node
  linkType: hard

"fast-text-encoding@npm:^1.0.0":
  version: 1.0.3
  resolution: "fast-text-encoding@npm:1.0.3"
  checksum: 3e51365896f06d0dcab128092d095a0037d274deec419fecbd2388bc236d7b387610e0c72f920c6126e00c885ab096fbfaa3645712f5b98f721bef6b064916a8
  languageName: node
  linkType: hard

"fastify-cors@npm:^6.0.3":
  version: 6.0.3
  resolution: "fastify-cors@npm:6.0.3"
  dependencies:
    fastify-plugin: ^3.0.0
    vary: ^1.1.2
  checksum: 054cf4e1cf0b20778ac24d9995a99f44e9b026ca9a028db0cbb6093922bcc931dff5f5bb185d19e881014392bb5886a8b5f9da6af3d3ab5e62b7a68f4eca33c4
  languageName: node
  linkType: hard

"fastify-error@npm:^0.3.0":
  version: 0.3.1
  resolution: "fastify-error@npm:0.3.1"
  checksum: fd6a0f6f87b5e4ab59a4d3d66124bd13830a1cf85cf1987259dfb1175fc6a4bcae68b076ad78f6bb06654f72af133b44813090e9ce5502d2ef56ddcb2b0fa867
  languageName: node
  linkType: hard

"fastify-plugin@npm:^3.0.0":
  version: 3.0.0
  resolution: "fastify-plugin@npm:3.0.0"
  checksum: 00324690789ee02f977ab58ba70d937e2e420a6813a6aa7ae3ba47e34022dc8ac40e15a36ab14a67d94474de984398b1c8b30279fb51d92966f5d3d3ebd1b6fa
  languageName: node
  linkType: hard

"fastify-warning@npm:^0.2.0":
  version: 0.2.0
  resolution: "fastify-warning@npm:0.2.0"
  checksum: c19ebccf54a3122877d2248400772ca98bacbabdf97826211ede29246c640d47431a2eebed1f52f9421139ed5e52e42d3bd4aefc46e27b6f34add3507529fd97
  languageName: node
  linkType: hard

"fastify@npm:^3.27.2":
  version: 3.27.2
  resolution: "fastify@npm:3.27.2"
  dependencies:
    "@fastify/ajv-compiler": ^1.0.0
    abstract-logging: ^2.0.0
    avvio: ^7.1.2
    fast-json-stringify: ^2.5.2
    fastify-error: ^0.3.0
    find-my-way: ^4.5.0
    flatstr: ^1.0.12
    light-my-request: ^4.2.0
    pino: ^6.13.0
    process-warning: ^1.0.0
    proxy-addr: ^2.0.7
    rfdc: ^1.1.4
    secure-json-parse: ^2.0.0
    semver: ^7.3.2
    tiny-lru: ^8.0.1
  checksum: cf52f1f0d9fd94ffc09c1cc0787df5454d806da1affc40f4823d6f252bc9ef79e7ed32cb84e6224bac7be05e51fee1d550695b6329d80e8afd454f25c88bb454
  languageName: node
  linkType: hard

"fastq@npm:^1.6.1":
  version: 1.13.0
  resolution: "fastq@npm:1.13.0"
  dependencies:
    reusify: ^1.0.4
  checksum: 32cf15c29afe622af187d12fc9cd93e160a0cb7c31a3bb6ace86b7dea3b28e7b72acde89c882663f307b2184e14782c6c664fa315973c03626c7d4bff070bb0b
  languageName: node
  linkType: hard

"find-my-way@npm:^4.5.0":
  version: 4.5.1
  resolution: "find-my-way@npm:4.5.1"
  dependencies:
    fast-decode-uri-component: ^1.0.1
    fast-deep-equal: ^3.1.3
    safe-regex2: ^2.0.0
    semver-store: ^0.3.0
  checksum: 85b8c07d34a36f0203438e0c0f0cdbfaf5e1c521ed2e56f9250bed846ceb0eea074127fad7f70137d61bed56387047f212969cc0ba5d818ed5e37b3e3606c43f
  languageName: node
  linkType: hard

"flatstr@npm:^1.0.12":
  version: 1.0.12
  resolution: "flatstr@npm:1.0.12"
  checksum: e1bb562c94b119e958bf37e55738b172b5f8aaae6532b9660ecd877779f8559dbbc89613ba6b29ccc13447e14c59277d41450f785cf75c30df9fce62f459e9a8
  languageName: node
  linkType: hard

"forwarded@npm:0.2.0":
  version: 0.2.0
  resolution: "forwarded@npm:0.2.0"
  checksum: fd27e2394d8887ebd16a66ffc889dc983fbbd797d5d3f01087c020283c0f019a7d05ee85669383d8e0d216b116d720fc0cef2f6e9b7eb9f4c90c6e0bc7fd28e6
  languageName: node
  linkType: hard

"function-bind@npm:^1.1.1":
  version: 1.1.1
  resolution: "function-bind@npm:1.1.1"
  checksum: b32fbaebb3f8ec4969f033073b43f5c8befbb58f1a79e12f1d7490358150359ebd92f49e72ff0144f65f2c48ea2a605bff2d07965f548f6474fd8efd95bf361a
  languageName: node
  linkType: hard

"gaxios@npm:^4.0.0":
  version: 4.3.2
  resolution: "gaxios@npm:4.3.2"
  dependencies:
    abort-controller: ^3.0.0
    extend: ^3.0.2
    https-proxy-agent: ^5.0.0
    is-stream: ^2.0.0
    node-fetch: ^2.6.1
  checksum: 1305fc6a4b9f888a7424ed160084d1f253a54bec04b4986ecb7929d8aa52382e737fc65feb03f0b0b47c524575286d765806d829868ec49fd383a1be8a973870
  languageName: node
  linkType: hard

"gcp-metadata@npm:^4.2.0":
  version: 4.3.1
  resolution: "gcp-metadata@npm:4.3.1"
  dependencies:
    gaxios: ^4.0.0
    json-bigint: ^1.0.0
  checksum: b0b1b85ea2efee1d640a1d4ead0937fdcceffd43ab4cacfdd66fd086fcfe5c3d09ad850ee14f43f2dc73244b2617b166adfa09a2a85e0652a8c56bed194f01fe
  languageName: node
  linkType: hard

"get-intrinsic@npm:^1.0.2":
  version: 1.1.1
  resolution: "get-intrinsic@npm:1.1.1"
  dependencies:
    function-bind: ^1.1.1
    has: ^1.0.3
    has-symbols: ^1.0.1
  checksum: a9fe2ca8fa3f07f9b0d30fb202bcd01f3d9b9b6b732452e79c48e79f7d6d8d003af3f9e38514250e3553fdc83c61650851cb6870832ac89deaaceb08e3721a17
  languageName: node
  linkType: hard

"get-stream@npm:^5.1.0":
  version: 5.2.0
  resolution: "get-stream@npm:5.2.0"
  dependencies:
    pump: ^3.0.0
  checksum: 8bc1a23174a06b2b4ce600df38d6c98d2ef6d84e020c1ddad632ad75bac4e092eeb40e4c09e0761c35fc2dbc5e7fff5dab5e763a383582c4a167dd69a905bd12
  languageName: node
  linkType: hard

"google-auth-library@npm:^7.0.2":
  version: 7.9.2
  resolution: "google-auth-library@npm:7.9.2"
  dependencies:
    arrify: ^2.0.0
    base64-js: ^1.3.0
    ecdsa-sig-formatter: ^1.0.11
    fast-text-encoding: ^1.0.0
    gaxios: ^4.0.0
    gcp-metadata: ^4.2.0
    gtoken: ^5.0.4
    jws: ^4.0.0
    lru-cache: ^6.0.0
  checksum: c435c2db805a818ef10bbd653cc300f9ca321b57eac6cf4668fd842fd6a72a7657f29967bc57fae4c6e9d47818fe1c5d5df583d95362879a05388a0e9dfd0b91
  languageName: node
  linkType: hard

"google-p12-pem@npm:^3.0.3":
  version: 3.1.2
  resolution: "google-p12-pem@npm:3.1.2"
  dependencies:
    node-forge: ^0.10.0
  bin:
    gp12-pem: build/src/bin/gp12-pem.js
  checksum: 50456e1a7353e5c916940bb34b1b04e337311c6ad4dd39b97e03d19b14dbd187d3eb9d8d217672a87da063527e6e78f494cdee33cf9e0faaf81fee0d3f8722ca
  languageName: node
  linkType: hard

"googleapis-common@npm:^5.0.1":
  version: 5.0.5
  resolution: "googleapis-common@npm:5.0.5"
  dependencies:
    extend: ^3.0.2
    gaxios: ^4.0.0
    google-auth-library: ^7.0.2
    qs: ^6.7.0
    url-template: ^2.0.8
    uuid: ^8.0.0
  checksum: 1669c8bf6b29a3929b5e22bd78bd9f7203bdcb108fc42b6a91c2f9308f7cda03ac155ab274cdc4a6a24ef1d4f2cdfa4d8b55aac391480410f177659c019eecd5
  languageName: node
  linkType: hard

"got@npm:^11.8.3":
  version: 11.8.3
  resolution: "got@npm:11.8.3"
  dependencies:
    "@sindresorhus/is": ^4.0.0
    "@szmarczak/http-timer": ^4.0.5
    "@types/cacheable-request": ^6.0.1
    "@types/responselike": ^1.0.0
    cacheable-lookup: ^5.0.3
    cacheable-request: ^7.0.2
    decompress-response: ^6.0.0
    http2-wrapper: ^1.0.0-beta.5.2
    lowercase-keys: ^2.0.0
    p-cancelable: ^2.0.0
    responselike: ^2.0.0
  checksum: 3b6db107d9765470b18e4cb22f7c7400381be7425b9be5823f0168d6c21b5d6b28b023c0b3ee208f73f6638c3ce251948ca9b54a1e8f936d3691139ac202d01b
  languageName: node
  linkType: hard

"gtoken@npm:^5.0.4":
  version: 5.3.1
  resolution: "gtoken@npm:5.3.1"
  dependencies:
    gaxios: ^4.0.0
    google-p12-pem: ^3.0.3
    jws: ^4.0.0
  checksum: 77466790270c9d0542788ec973d1d6acee51bde538ecef1cf797977ea81f73c4061ddf0e9cb2a49f8ea85df4c8302d4bf7853d993180e1c6fa34142ecfb4833d
  languageName: node
  linkType: hard

"has-symbols@npm:^1.0.1":
  version: 1.0.2
  resolution: "has-symbols@npm:1.0.2"
  checksum: 2309c426071731be792b5be43b3da6fb4ed7cbe8a9a6bcfca1862587709f01b33d575ce8f5c264c1eaad09fca2f9a8208c0a2be156232629daa2dd0c0740976b
  languageName: node
  linkType: hard

"has@npm:^1.0.3":
  version: 1.0.3
  resolution: "has@npm:1.0.3"
  dependencies:
    function-bind: ^1.1.1
  checksum: b9ad53d53be4af90ce5d1c38331e712522417d017d5ef1ebd0507e07c2fbad8686fffb8e12ddecd4c39ca9b9b47431afbb975b8abf7f3c3b82c98e9aad052792
  languageName: node
  linkType: hard

"http-cache-semantics@npm:^4.0.0":
  version: 4.1.0
  resolution: "http-cache-semantics@npm:4.1.0"
  checksum: 974de94a81c5474be07f269f9fd8383e92ebb5a448208223bfb39e172a9dbc26feff250192ecc23b9593b3f92098e010406b0f24bd4d588d631f80214648ed42
  languageName: node
  linkType: hard

"http2-wrapper@npm:^1.0.0-beta.5.2":
  version: 1.0.3
  resolution: "http2-wrapper@npm:1.0.3"
  dependencies:
    quick-lru: ^5.1.1
    resolve-alpn: ^1.0.0
  checksum: 74160b862ec699e3f859739101ff592d52ce1cb207b7950295bf7962e4aa1597ef709b4292c673bece9c9b300efad0559fc86c71b1409c7a1e02b7229456003e
  languageName: node
  linkType: hard

"https-proxy-agent@npm:^5.0.0":
  version: 5.0.0
  resolution: "https-proxy-agent@npm:5.0.0"
  dependencies:
    agent-base: 6
    debug: 4
  checksum: 165bfb090bd26d47693597661298006841ab733d0c7383a8cb2f17373387a94c903a3ac687090aa739de05e379ab6f868bae84ab4eac288ad85c328cd1ec9e53
  languageName: node
  linkType: hard

"inherits@npm:^2.0.3":
  version: 2.0.4
  resolution: "inherits@npm:2.0.4"
  checksum: 4a48a733847879d6cf6691860a6b1e3f0f4754176e4d71494c41f3475553768b10f84b5ce1d40fbd0e34e6bfbb864ee35858ad4dd2cf31e02fc4a154b724d7f1
  languageName: node
  linkType: hard

"ipaddr.js@npm:1.9.1":
  version: 1.9.1
  resolution: "ipaddr.js@npm:1.9.1"
  checksum: f88d3825981486f5a1942414c8d77dd6674dd71c065adcfa46f578d677edcb99fda25af42675cb59db492fdf427b34a5abfcde3982da11a8fd83a500b41cfe77
  languageName: node
  linkType: hard

"is-stream@npm:^2.0.0":
  version: 2.0.1
  resolution: "is-stream@npm:2.0.1"
  checksum: b8e05ccdf96ac330ea83c12450304d4a591f9958c11fd17bed240af8d5ffe08aedafa4c0f4cfccd4d28dc9d4d129daca1023633d5c11601a6cbc77521f6fae66
  languageName: node
  linkType: hard

"json-bigint@npm:^1.0.0":
  version: 1.0.0
  resolution: "json-bigint@npm:1.0.0"
  dependencies:
    bignumber.js: ^9.0.0
  checksum: c67bb93ccb3c291e60eb4b62931403e378906aab113ec1c2a8dd0f9a7f065ad6fd9713d627b732abefae2e244ac9ce1721c7a3142b2979532f12b258634ce6f6
  languageName: node
  linkType: hard

"json-buffer@npm:3.0.1":
  version: 3.0.1
  resolution: "json-buffer@npm:3.0.1"
  checksum: 9026b03edc2847eefa2e37646c579300a1f3a4586cfb62bf857832b60c852042d0d6ae55d1afb8926163fa54c2b01d83ae24705f34990348bdac6273a29d4581
  languageName: node
  linkType: hard

"json-schema-traverse@npm:^0.4.1":
  version: 0.4.1
  resolution: "json-schema-traverse@npm:0.4.1"
  checksum: 7486074d3ba247769fda17d5181b345c9fb7d12e0da98b22d1d71a5db9698d8b4bd900a3ec1a4ffdd60846fc2556274a5c894d0c48795f14cb03aeae7b55260b
  languageName: node
  linkType: hard

"json-schema-traverse@npm:^1.0.0":
  version: 1.0.0
  resolution: "json-schema-traverse@npm:1.0.0"
  checksum: 02f2f466cdb0362558b2f1fd5e15cce82ef55d60cd7f8fa828cf35ba74330f8d767fcae5c5c2adb7851fa811766c694b9405810879bc4e1ddd78a7c0e03658ad
  languageName: node
  linkType: hard

"jwa@npm:^2.0.0":
  version: 2.0.0
  resolution: "jwa@npm:2.0.0"
  dependencies:
    buffer-equal-constant-time: 1.0.1
    ecdsa-sig-formatter: 1.0.11
    safe-buffer: ^5.0.1
  checksum: 8f00b71ad5fe94cb55006d0d19202f8f56889109caada2f7eeb63ca81755769ce87f4f48101967f398462e3b8ae4faebfbd5a0269cb755dead5d63c77ba4d2f1
  languageName: node
  linkType: hard

"jws@npm:^4.0.0":
  version: 4.0.0
  resolution: "jws@npm:4.0.0"
  dependencies:
    jwa: ^2.0.0
    safe-buffer: ^5.0.1
  checksum: d68d07aa6d1b8cb35c363a9bd2b48f15064d342a5d9dc18a250dbbce8dc06bd7e4792516c50baa16b8d14f61167c19e851fd7f66b59ecc68b7f6a013759765f7
  languageName: node
  linkType: hard

"keyv@npm:^4.0.0":
  version: 4.0.3
  resolution: "keyv@npm:4.0.3"
  dependencies:
    json-buffer: 3.0.1
  checksum: 770134225c5320861748bf65f022e7ce100e465b85b28fe39036ef66f6190bb602aa8a57df365b9c745005d948fc1f0da99306062875a2f52700195e0b4d1033
  languageName: node
  linkType: hard

"light-my-request@npm:^4.2.0":
  version: 4.4.4
  resolution: "light-my-request@npm:4.4.4"
  dependencies:
    ajv: ^8.1.0
    cookie: ^0.4.0
    fastify-warning: ^0.2.0
    readable-stream: ^3.6.0
    set-cookie-parser: ^2.4.1
  checksum: 6bf5f579b48311d4fa951a91d5cf13e883007137e6198ff4f986de9adbb369eae69e68f198f29fc08317d489766a1bdf22363e0f0eb9a47a428e8a4395741323
  languageName: node
  linkType: hard

"lowercase-keys@npm:^2.0.0":
  version: 2.0.0
  resolution: "lowercase-keys@npm:2.0.0"
  checksum: 24d7ebd56ccdf15ff529ca9e08863f3c54b0b9d1edb97a3ae1af34940ae666c01a1e6d200707bce730a8ef76cb57cc10e65f245ecaaf7e6bc8639f2fb460ac23
  languageName: node
  linkType: hard

"lru-cache@npm:^6.0.0":
  version: 6.0.0
  resolution: "lru-cache@npm:6.0.0"
  dependencies:
    yallist: ^4.0.0
  checksum: f97f499f898f23e4585742138a22f22526254fdba6d75d41a1c2526b3b6cc5747ef59c5612ba7375f42aca4f8461950e925ba08c991ead0651b4918b7c978297
  languageName: node
  linkType: hard

"mimic-response@npm:^1.0.0":
  version: 1.0.1
  resolution: "mimic-response@npm:1.0.1"
  checksum: 034c78753b0e622bc03c983663b1cdf66d03861050e0c8606563d149bc2b02d63f62ce4d32be4ab50d0553ae0ffe647fc34d1f5281184c6e1e8cf4d85e8d9823
  languageName: node
  linkType: hard

"mimic-response@npm:^3.1.0":
  version: 3.1.0
  resolution: "mimic-response@npm:3.1.0"
  checksum: 25739fee32c17f433626bf19f016df9036b75b3d84a3046c7d156e72ec963dd29d7fc8a302f55a3d6c5a4ff24259676b15d915aad6480815a969ff2ec0836867
  languageName: node
  linkType: hard

"ms@npm:2.1.2":
  version: 2.1.2
  resolution: "ms@npm:2.1.2"
  checksum: 673cdb2c3133eb050c745908d8ce632ed2c02d85640e2edb3ace856a2266a813b30c613569bf3354fdf4ea7d1a1494add3bfa95e2713baa27d0c2c71fc44f58f
  languageName: node
  linkType: hard

"node-fetch@npm:^2.6.1":
  version: 2.6.5
  resolution: "node-fetch@npm:2.6.5"
  dependencies:
    whatwg-url: ^5.0.0
  checksum: 4e83db450718e70762882f00d96f647a7f2f3170035225934ddd5450cb1d91ef339ceb180d3687bcb0a6ed78c3fa5636ce8d3e44ec81ab59e0224ebf8965f65f
  languageName: node
  linkType: hard

"node-forge@npm:^0.10.0":
  version: 0.10.0
  resolution: "node-forge@npm:0.10.0"
  checksum: 5aa6dc9922e424a20ef101d2f517418e2bc9cfc0255dd22e0701c0fad1568445f510ee67f6f3fcdf085812c4ca1b847b8ba45683b34776828e41f5c1794e42e1
  languageName: node
  linkType: hard

"normalize-url@npm:^6.0.1":
  version: 6.1.0
  resolution: "normalize-url@npm:6.1.0"
  checksum: 4a4944631173e7d521d6b80e4c85ccaeceb2870f315584fa30121f505a6dfd86439c5e3fdd8cd9e0e291290c41d0c3599f0cb12ab356722ed242584c30348e50
  languageName: node
  linkType: hard

"object-inspect@npm:^1.9.0":
  version: 1.11.0
  resolution: "object-inspect@npm:1.11.0"
  checksum: 8c64f89ce3a7b96b6925879ad5f6af71d498abc217e136660efecd97452991216f375a7eb47cb1cb50643df939bf0c7cc391567b7abc6a924d04679705e58e27
  languageName: node
  linkType: hard

"once@npm:^1.3.1, once@npm:^1.4.0":
  version: 1.4.0
  resolution: "once@npm:1.4.0"
  dependencies:
    wrappy: 1
  checksum: cd0a88501333edd640d95f0d2700fbde6bff20b3d4d9bdc521bdd31af0656b5706570d6c6afe532045a20bb8dc0849f8332d6f2a416e0ba6d3d3b98806c7db68
  languageName: node
  linkType: hard

"p-cancelable@npm:^2.0.0":
  version: 2.1.1
  resolution: "p-cancelable@npm:2.1.1"
  checksum: 3dba12b4fb4a1e3e34524535c7858fc82381bbbd0f247cc32dedc4018592a3950ce66b106d0880b4ec4c2d8d6576f98ca885dc1d7d0f274d1370be20e9523ddf
  languageName: node
  linkType: hard

"p-limit@npm:^4.0.0":
  version: 4.0.0
  resolution: "p-limit@npm:4.0.0"
  dependencies:
    yocto-queue: ^1.0.0
  checksum: 01d9d70695187788f984226e16c903475ec6a947ee7b21948d6f597bed788e3112cc7ec2e171c1d37125057a5f45f3da21d8653e04a3a793589e12e9e80e756b
  languageName: node
  linkType: hard

"pino-std-serializers@npm:^3.1.0":
  version: 3.2.0
  resolution: "pino-std-serializers@npm:3.2.0"
  checksum: 77e29675b116e42ae9fe6d4ef52ef3a082ffc54922b122d85935f93ddcc20277f0b0c873c5c6c5274a67b0409c672aaae3de6bcea10a2d84699718dda55ba95b
  languageName: node
  linkType: hard

"pino@npm:^6.13.0":
  version: 6.13.3
  resolution: "pino@npm:6.13.3"
  dependencies:
    fast-redact: ^3.0.0
    fast-safe-stringify: ^2.0.8
    fastify-warning: ^0.2.0
    flatstr: ^1.0.12
    pino-std-serializers: ^3.1.0
    quick-format-unescaped: ^4.0.3
    sonic-boom: ^1.0.2
  bin:
    pino: bin.js
  checksum: a580decd47a1c8b32a846ba1cb478087b523636d697bd4c57833d10b3f2b35c7d06739715ad9a291b41caf002b8d1bbf98674bfb3e99989fd41b7d934cca861c
  languageName: node
  linkType: hard

"process-warning@npm:^1.0.0":
  version: 1.0.0
  resolution: "process-warning@npm:1.0.0"
  checksum: c708a03241deec3cabaeee39c4f9ee8c4d71f1c5ef9b746c8252cdb952a6059068cfcdaf348399775244cbc441b6ae5e26a9c87ed371f88335d84f26d19180f9
  languageName: node
  linkType: hard

"proxy-addr@npm:^2.0.7":
  version: 2.0.7
  resolution: "proxy-addr@npm:2.0.7"
  dependencies:
    forwarded: 0.2.0
    ipaddr.js: 1.9.1
  checksum: 29c6990ce9364648255454842f06f8c46fcd124d3e6d7c5066df44662de63cdc0bad032e9bf5a3d653ff72141cc7b6019873d685708ac8210c30458ad99f2b74
  languageName: node
  linkType: hard

"pump@npm:^3.0.0":
  version: 3.0.0
  resolution: "pump@npm:3.0.0"
  dependencies:
    end-of-stream: ^1.1.0
    once: ^1.3.1
  checksum: e42e9229fba14732593a718b04cb5e1cfef8254544870997e0ecd9732b189a48e1256e4e5478148ecb47c8511dca2b09eae56b4d0aad8009e6fac8072923cfc9
  languageName: node
  linkType: hard

"punycode@npm:^2.1.0":
  version: 2.1.1
  resolution: "punycode@npm:2.1.1"
  checksum: 823bf443c6dd14f669984dea25757b37993f67e8d94698996064035edd43bed8a5a17a9f12e439c2b35df1078c6bec05a6c86e336209eb1061e8025c481168e8
  languageName: node
  linkType: hard

"qs@npm:^6.7.0":
  version: 6.10.1
  resolution: "qs@npm:6.10.1"
  dependencies:
    side-channel: ^1.0.4
  checksum: 00e390dbf98eff4d8ff121b61ab2fe32106852290de99ecd0e40fc76651c4101f43fc6cc8313cb69423563876fc532951b11dda55d2917def05f292258263480
  languageName: node
  linkType: hard

"queue-microtask@npm:^1.1.2":
  version: 1.2.3
  resolution: "queue-microtask@npm:1.2.3"
  checksum: b676f8c040cdc5b12723ad2f91414d267605b26419d5c821ff03befa817ddd10e238d22b25d604920340fd73efd8ba795465a0377c4adf45a4a41e4234e42dc4
  languageName: node
  linkType: hard

"quick-format-unescaped@npm:^4.0.3":
  version: 4.0.4
  resolution: "quick-format-unescaped@npm:4.0.4"
  checksum: 7bc32b99354a1aa46c089d2a82b63489961002bb1d654cee3e6d2d8778197b68c2d854fd23d8422436ee1fdfd0abaddc4d4da120afe700ade68bd357815b26fd
  languageName: node
  linkType: hard

"quick-lru@npm:^5.1.1":
  version: 5.1.1
  resolution: "quick-lru@npm:5.1.1"
  checksum: a516faa25574be7947969883e6068dbe4aa19e8ef8e8e0fd96cddd6d36485e9106d85c0041a27153286b0770b381328f4072aa40d3b18a19f5f7d2b78b94b5ed
  languageName: node
  linkType: hard

"readable-stream@npm:^3.6.0":
  version: 3.6.0
  resolution: "readable-stream@npm:3.6.0"
  dependencies:
    inherits: ^2.0.3
    string_decoder: ^1.1.1
    util-deprecate: ^1.0.1
  checksum: d4ea81502d3799439bb955a3a5d1d808592cf3133350ed352aeaa499647858b27b1c4013984900238b0873ec8d0d8defce72469fb7a83e61d53f5ad61cb80dc8
  languageName: node
  linkType: hard

"require-from-string@npm:^2.0.2":
  version: 2.0.2
  resolution: "require-from-string@npm:2.0.2"
  checksum: a03ef6895445f33a4015300c426699bc66b2b044ba7b670aa238610381b56d3f07c686251740d575e22f4c87531ba662d06937508f0f3c0f1ddc04db3130560b
  languageName: node
  linkType: hard

"resolve-alpn@npm:^1.0.0":
  version: 1.2.1
  resolution: "resolve-alpn@npm:1.2.1"
  checksum: f558071fcb2c60b04054c99aebd572a2af97ef64128d59bef7ab73bd50d896a222a056de40ffc545b633d99b304c259ea9d0c06830d5c867c34f0bfa60b8eae0
  languageName: node
  linkType: hard

"responselike@npm:^2.0.0":
  version: 2.0.0
  resolution: "responselike@npm:2.0.0"
  dependencies:
    lowercase-keys: ^2.0.0
  checksum: 6a4d32c37d4e88678ae0a9d69fcc90aafa15b1a3eab455bd65c06af3c6c4976afc47d07a0e5a60d277ab041a465f43bf0a581e0d7ab33786e7a7741573f2e487
  languageName: node
  linkType: hard

"ret@npm:~0.2.0":
  version: 0.2.2
  resolution: "ret@npm:0.2.2"
  checksum: 774964bb413a3525e687bca92d81c1cd75555ec33147c32ecca22f3d06409e35df87952cfe3d57afff7650a0f7e42139cf60cb44e94c29dde390243bc1941f16
  languageName: node
  linkType: hard

"reusify@npm:^1.0.4":
  version: 1.0.4
  resolution: "reusify@npm:1.0.4"
  checksum: c3076ebcc22a6bc252cb0b9c77561795256c22b757f40c0d8110b1300723f15ec0fc8685e8d4ea6d7666f36c79ccc793b1939c748bf36f18f542744a4e379fcc
  languageName: node
  linkType: hard

"rfdc@npm:^1.1.4, rfdc@npm:^1.2.0":
  version: 1.3.0
  resolution: "rfdc@npm:1.3.0"
  checksum: fb2ba8512e43519983b4c61bd3fa77c0f410eff6bae68b08614437bc3f35f91362215f7b4a73cbda6f67330b5746ce07db5dd9850ad3edc91271ad6deea0df32
  languageName: node
  linkType: hard

"safe-buffer@npm:^5.0.1, safe-buffer@npm:~5.2.0":
  version: 5.2.1
  resolution: "safe-buffer@npm:5.2.1"
  checksum: b99c4b41fdd67a6aaf280fcd05e9ffb0813654894223afb78a31f14a19ad220bba8aba1cb14eddce1fcfb037155fe6de4e861784eb434f7d11ed58d1e70dd491
  languageName: node
  linkType: hard

"safe-regex2@npm:^2.0.0":
  version: 2.0.0
  resolution: "safe-regex2@npm:2.0.0"
  dependencies:
    ret: ~0.2.0
  checksum: f5e182fca040dedd50ae052ea0eb035d9903b2db71243d5d8b43299735857288ef2ab52546a368d9c6fd1333b2a0d039297925e78ffc14845354f3f6158af7c2
  languageName: node
  linkType: hard

"secure-json-parse@npm:^2.0.0":
  version: 2.4.0
  resolution: "secure-json-parse@npm:2.4.0"
  checksum: efaafcaa08a4646ca829b29168474f57fb289a0ca7a1d77b66b55a0292785bc6eb9143b21cfc50b37dd12a823c25b12aa1771f18314ed5a616a1f8f12a318533
  languageName: node
  linkType: hard

"semver-store@npm:^0.3.0":
  version: 0.3.0
  resolution: "semver-store@npm:0.3.0"
  checksum: b38f747123e850191526a912657c653c7e5963d164a8daf99e52aa30bc8c5bdac176dc6dab714e17a1a8489ac138c18ff7161b1961f1882888bce637990442dd
  languageName: node
  linkType: hard

"semver@npm:^7.3.2":
  version: 7.3.5
  resolution: "semver@npm:7.3.5"
  dependencies:
    lru-cache: ^6.0.0
  bin:
    semver: bin/semver.js
  checksum: 5eafe6102bea2a7439897c1856362e31cc348ccf96efd455c8b5bc2c61e6f7e7b8250dc26b8828c1d76a56f818a7ee907a36ae9fb37a599d3d24609207001d60
  languageName: node
  linkType: hard

"set-cookie-parser@npm:^2.4.1":
  version: 2.4.8
  resolution: "set-cookie-parser@npm:2.4.8"
  checksum: e15b5df9a56ab06d4895286033a6aff7b318ad024310df058b5821b3539cc06f716ef529618cac0dd78df40e37830de715f388c0f97f84062dd9be2326efcd0c
  languageName: node
  linkType: hard

"side-channel@npm:^1.0.4":
  version: 1.0.4
  resolution: "side-channel@npm:1.0.4"
  dependencies:
    call-bind: ^1.0.0
    get-intrinsic: ^1.0.2
    object-inspect: ^1.9.0
  checksum: 351e41b947079c10bd0858364f32bb3a7379514c399edb64ab3dce683933483fc63fb5e4efe0a15a2e8a7e3c436b6a91736ddb8d8c6591b0460a24bb4a1ee245
  languageName: node
  linkType: hard

"sonic-boom@npm:^1.0.2":
  version: 1.4.1
  resolution: "sonic-boom@npm:1.4.1"
  dependencies:
    atomic-sleep: ^1.0.0
    flatstr: ^1.0.12
  checksum: 189fa8fe5c2dc05d3513fc1a4926a2f16f132fa6fa0b511745a436010cdcd9c1d3b3cb6a9d7c05bd32a965dc77673a5ac0eb0992e920bdedd16330d95323124f
  languageName: node
  linkType: hard

"string-similarity@npm:^4.0.1":
  version: 4.0.4
  resolution: "string-similarity@npm:4.0.4"
  checksum: 797b41b24e1eb6b3b0ab896950b58c295a19a82933479c75f7b5279ffb63e0b456a8c8d10329c02f607ca1a50370e961e83d552aa468ff3b0fa15809abc9eff7
  languageName: node
  linkType: hard

"string_decoder@npm:^1.1.1":
  version: 1.3.0
  resolution: "string_decoder@npm:1.3.0"
  dependencies:
    safe-buffer: ~5.2.0
  checksum: 8417646695a66e73aefc4420eb3b84cc9ffd89572861fe004e6aeb13c7bc00e2f616247505d2dbbef24247c372f70268f594af7126f43548565c68c117bdeb56
  languageName: node
  linkType: hard

"tiny-lru@npm:^8.0.1":
  version: 8.0.1
  resolution: "tiny-lru@npm:8.0.1"
  checksum: 189181b35992ff131f2947515bc53782aab1e39d50c6a8f102dc4c63a755609d39bf341c498a0cd6e4a1a6b24fbbee778e0de1ff5ded0ef8e243d66a38ee7f41
  languageName: node
  linkType: hard

"tr46@npm:~0.0.3":
  version: 0.0.3
  resolution: "tr46@npm:0.0.3"
  checksum: 726321c5eaf41b5002e17ffbd1fb7245999a073e8979085dacd47c4b4e8068ff5777142fc6726d6ca1fd2ff16921b48788b87225cbc57c72636f6efa8efbffe3
  languageName: node
  linkType: hard

typescript@^4.5.5:
  version: 4.5.5
  resolution: "typescript@npm:4.5.5"
  bin:
    tsc: bin/tsc
    tsserver: bin/tsserver
  checksum: 506f4c919dc8aeaafa92068c997f1d213b9df4d9756d0fae1a1e7ab66b585ab3498050e236113a1c9e57ee08c21ec6814ca7a7f61378c058d79af50a4b1f5a5e
  languageName: node
  linkType: hard

"typescript@patch:typescript@^4.5.5#~builtin<compat/typescript>":
  version: 4.5.5
  resolution: "typescript@patch:typescript@npm%3A4.5.5#~builtin<compat/typescript>::version=4.5.5&hash=32657b"
  bin:
    tsc: bin/tsc
    tsserver: bin/tsserver
  checksum: ed34e0986bc395da29a9a749fc980741fcbf698c205d6dc282310a652ee4ae61b571c26fd62c8a264ec26ff23ef12d888d5db7b41031cfaad1798db0d090f5c3
  languageName: node
  linkType: hard

"uri-js@npm:^4.2.2":
  version: 4.4.1
  resolution: "uri-js@npm:4.4.1"
  dependencies:
    punycode: ^2.1.0
  checksum: 7167432de6817fe8e9e0c9684f1d2de2bb688c94388f7569f7dbdb1587c9f4ca2a77962f134ec90be0cc4d004c939ff0d05acc9f34a0db39a3c797dada262633
  languageName: node
  linkType: hard

"url-template@npm:^2.0.8":
  version: 2.0.8
  resolution: "url-template@npm:2.0.8"
  checksum: 4183fccd74e3591e4154134d4443dccecba9c455c15c7df774f1f1e3fa340fd9bffb903b5beec347196d15ce49c34edf6dec0634a95d170ad6e78c0467d6e13e
  languageName: node
  linkType: hard

"util-deprecate@npm:^1.0.1":
  version: 1.0.2
  resolution: "util-deprecate@npm:1.0.2"
  checksum: 474acf1146cb2701fe3b074892217553dfcf9a031280919ba1b8d651a068c9b15d863b7303cb15bd00a862b498e6cf4ad7b4a08fb134edd5a6f7641681cb54a2
  languageName: node
  linkType: hard

"uuid@npm:^8.0.0":
  version: 8.3.2
  resolution: "uuid@npm:8.3.2"
  bin:
    uuid: dist/bin/uuid
  checksum: 5575a8a75c13120e2f10e6ddc801b2c7ed7d8f3c8ac22c7ed0c7b2ba6383ec0abda88c905085d630e251719e0777045ae3236f04c812184b7c765f63a70e58df
  languageName: node
  linkType: hard

"vary@npm:^1.1.2":
  version: 1.1.2
  resolution: "vary@npm:1.1.2"
  checksum: ae0123222c6df65b437669d63dfa8c36cee20a504101b2fcd97b8bf76f91259c17f9f2b4d70a1e3c6bbcee7f51b28392833adb6b2770b23b01abec84e369660b
  languageName: node
  linkType: hard

"webidl-conversions@npm:^3.0.0":
  version: 3.0.1
  resolution: "webidl-conversions@npm:3.0.1"
  checksum: c92a0a6ab95314bde9c32e1d0a6dfac83b578f8fa5f21e675bc2706ed6981bc26b7eb7e6a1fab158e5ce4adf9caa4a0aee49a52505d4d13c7be545f15021b17c
  languageName: node
  linkType: hard

"whatwg-url@npm:^5.0.0":
  version: 5.0.0
  resolution: "whatwg-url@npm:5.0.0"
  dependencies:
    tr46: ~0.0.3
    webidl-conversions: ^3.0.0
  checksum: b8daed4ad3356cc4899048a15b2c143a9aed0dfae1f611ebd55073310c7b910f522ad75d727346ad64203d7e6c79ef25eafd465f4d12775ca44b90fa82ed9e2c
  languageName: node
  linkType: hard

"wrappy@npm:1":
  version: 1.0.2
  resolution: "wrappy@npm:1.0.2"
  checksum: 159da4805f7e84a3d003d8841557196034155008f817172d4e986bd591f74aa82aa7db55929a54222309e01079a65a92a9e6414da5a6aa4b01ee44a511ac3ee5
  languageName: node
  linkType: hard

"yallist@npm:^4.0.0":
  version: 4.0.0
  resolution: "yallist@npm:4.0.0"
  checksum: 343617202af32df2a15a3be36a5a8c0c8545208f3d3dfbc6bb7c3e3b7e8c6f8e7485432e4f3b88da3031a6e20afa7c711eded32ddfb122896ac5d914e75848d5
  languageName: node
  linkType: hard

"yocto-queue@npm:^1.0.0":
  version: 1.0.0
  resolution: "yocto-queue@npm:1.0.0"
  checksum: 2cac84540f65c64ccc1683c267edce396b26b1e931aa429660aefac8fbe0188167b7aee815a3c22fa59a28a58d898d1a2b1825048f834d8d629f4c2a5d443801
  languageName: node
  linkType: hard
